
Microsoft Visual Studio Solution File, Format Version 12.00
# Visual Studio 15
VisualStudioVersion = 15.0.28010.2026
MinimumVisualStudioVersion = 10.0.40219.1
Project("{9A19103F-16F7-4668-BE54-9A1E7A4F7556}") = "OpdrachtCloudComputing", "OpdrachtCloudComputing\OpdrachtCloudComputing.csproj", "{5292D28B-6897-4BB8-8378-4F720AF18450}"
EndProject
Global
	GlobalSection(SolutionConfigurationPlatforms) = preSolution
		Debug|Any CPU = Debug|Any CPU
		Release|Any CPU = Release|Any CPU
	EndGlobalSection
	GlobalSection(ProjectConfigurationPlatforms) = postSolution
		{5292D28B-6897-4BB8-8378-4F720AF18450}.Debug|Any CPU.ActiveCfg = Debug|Any CPU
		{5292D28B-6897-4BB8-8378-4F720AF18450}.Debug|Any CPU.Build.0 = Debug|Any CPU
		{5292D28B-6897-4BB8-8378-4F720AF18450}.Release|Any CPU.ActiveCfg = Release|Any CPU
		{5292D28B-6897-4BB8-8378-4F720AF18450}.Release|Any CPU.Build.0 = Release|Any CPU
	EndGlobalSection
	GlobalSection(SolutionProperties) = preSolution
		HideSolutionNode = FALSE
	EndGlobalSection
	GlobalSection(ExtensibilityGlobals) = postSolution
		SolutionGuid = {604D0F33-1B28-4D44-91FF-44B58807A270}
	EndGlobalSection
EndGlobal
